
Microsoft Visual Studio Solution File, Format Version 12.00
# Visual Studio Version 16
VisualStudioVersion = 16.0.29424.173
MinimumVisualStudioVersion = 10.0.40219.1
Project("{9A19103F-16F7-4668-BE54-9A1E7A4F7556}") = "WebApplication1", "WebApplication1\WebApplication1.csproj", "{713D5598-C1D8-4EF3-81C0-44CF2406CA4F}"
EndProject
Global
	GlobalSection(SolutionConfigurationPlatforms) = preSolution
		Debug|Any CPU = Debug|Any CPU
		Release|Any CPU = Release|Any CPU
	EndGlobalSection
	GlobalSection(ProjectConfigurationPlatforms) = postSolution
		{713D5598-C1D8-4EF3-81C0-44CF2406CA4F}.Debug|Any CPU.ActiveCfg = Debug|Any CPU
		{713D5598-C1D8-4EF3-81C0-44CF2406CA4F}.Debug|Any CPU.Build.0 = Debug|Any CPU
		{713D5598-C1D8-4EF3-81C0-44CF2406CA4F}.Release|Any CPU.ActiveCfg = Release|Any CPU
		{713D5598-C1D8-4EF3-81C0-44CF2406CA4F}.Release|Any CPU.Build.0 = Release|Any CPU
	EndGlobalSection
	GlobalSection(SolutionProperties) = preSolution
		HideSolutionNode = FALSE
	EndGlobalSection
	GlobalSection(ExtensibilityGlobals) = postSolution
		SolutionGuid = {CF6E5D75-8372-46FC-A5DA-BDCC2F91275C}
	EndGlobalSection
EndGlobal
